
Microsoft Visual Studio Solution File, Format Version 12.00
# Visual Studio 15
VisualStudioVersion = 15.0.27130.2010
MinimumVisualStudioVersion = 10.0.40219.1
Project("{9A19103F-16F7-4668-BE54-9A1E7A4F7556}") = "ConsoleApp1", "ConsoleApp1\ConsoleApp1.csproj", "{12FAA3A1-FE37-494B-92A4-993F0555A6CE}"
EndProject
Project("{FAE04EC0-301F-11D3-BF4B-00C04F79EFBC}") = "ClassLibrary1", "ClassLibrary1\ClassLibrary1.csproj", "{9C53208A-475F-4927-8E52-88B9DEA1A17C}"
EndProject
Global
	GlobalSection(SolutionConfigurationPlatforms) = preSolution
		Debug|Any CPU = Debug|Any CPU
		Debug|ARM = Debug|ARM
		Debug|x64 = Debug|x64
		Debug|x86 = Debug|x86
		Release|Any CPU = Release|Any CPU
		Release|ARM = Release|ARM
		Release|x64 = Release|x64
		Release|x86 = Release|x86
	EndGlobalSection
	GlobalSection(ProjectConfigurationPlatforms) = postSolution
		{12FAA3A1-FE37-494B-92A4-993F0555A6CE}.Debug|Any CPU.ActiveCfg = Debug|Any CPU
		{12FAA3A1-FE37-494B-92A4-993F0555A6CE}.Debug|Any CPU.Build.0 = Debug|Any CPU
		{12FAA3A1-FE37-494B-92A4-993F0555A6CE}.Debug|ARM.ActiveCfg = Debug|Any CPU
		{12FAA3A1-FE37-494B-92A4-993F0555A6CE}.Debug|ARM.Build.0 = Debug|Any CPU
		{12FAA3A1-FE37-494B-92A4-993F0555A6CE}.Debug|x64.ActiveCfg = Debug|Any CPU
		{12FAA3A1-FE37-494B-92A4-993F0555A6CE}.Debug|x64.Build.0 = Debug|Any CPU
		{12FAA3A1-FE37-494B-92A4-993F0555A6CE}.Debug|x86.ActiveCfg = Debug|Any CPU
		{12FAA3A1-FE37-494B-92A4-993F0555A6CE}.Debug|x86.Build.0 = Debug|Any CPU
		{12FAA3A1-FE37-494B-92A4-993F0555A6CE}.Release|Any CPU.ActiveCfg = Release|Any CPU
		{12FAA3A1-FE37-494B-92A4-993F0555A6CE}.Release|Any CPU.Build.0 = Release|Any CPU
		{12FAA3A1-FE37-494B-92A4-993F0555A6CE}.Release|ARM.ActiveCfg = Release|Any CPU
		{12FAA3A1-FE37-494B-92A4-993F0555A6CE}.Release|ARM.Build.0 = Release|Any CPU
		{12FAA3A1-FE37-494B-92A4-993F0555A6CE}.Release|x64.ActiveCfg = Release|Any CPU
		{12FAA3A1-FE37-494B-92A4-993F0555A6CE}.Release|x64.Build.0 = Release|Any CPU
		{12FAA3A1-FE37-494B-92A4-993F0555A6CE}.Release|x86.ActiveCfg = Release|Any CPU
		{12FAA3A1-FE37-494B-92A4-993F0555A6CE}.Release|x86.Build.0 = Release|Any CPU
		{9C53208A-475F-4927-8E52-88B9DEA1A17C}.Debug|Any CPU.ActiveCfg = Debug|Any CPU
		{9C53208A-475F-4927-8E52-88B9DEA1A17C}.Debug|Any CPU.Build.0 = Debug|Any CPU
		{9C53208A-475F-4927-8E52-88B9DEA1A17C}.Debug|ARM.ActiveCfg = Debug|Any CPU
		{9C53208A-475F-4927-8E52-88B9DEA1A17C}.Debug|ARM.Build.0 = Debug|Any CPU
		{9C53208A-475F-4927-8E52-88B9DEA1A17C}.Debug|x64.ActiveCfg = Debug|Any CPU
		{9C53208A-475F-4927-8E52-88B9DEA1A17C}.Debug|x64.Build.0 = Debug|Any CPU
		{9C53208A-475F-4927-8E52-88B9DEA1A17C}.Debug|x86.ActiveCfg = Debug|Any CPU
		{9C53208A-475F-4927-8E52-88B9DEA1A17C}.Debug|x86.Build.0 = Debug|Any CPU
		{9C53208A-475F-4927-8E52-88B9DEA1A17C}.Release|Any CPU.ActiveCfg = Release|Any CPU
		{9C53208A-475F-4927-8E52-88B9DEA1A17C}.Release|Any CPU.Build.0 = Release|Any CPU
		{9C53208A-475F-4927-8E52-88B9DEA1A17C}.Release|ARM.ActiveCfg = Release|Any CPU
		{9C53208A-475F-4927-8E52-88B9DEA1A17C}.Release|ARM.Build.0 = Release|Any CPU
		{9C53208A-475F-4927-8E52-88B9DEA1A17C}.Release|x64.ActiveCfg = Release|Any CPU
		{9C53208A-475F-4927-8E52-88B9DEA1A17C}.Release|x64.Build.0 = Release|Any CPU
		{9C53208A-475F-4927-8E52-88B9DEA1A17C}.Release|x86.ActiveCfg = Release|Any CPU
		{9C53208A-475F-4927-8E52-88B9DEA1A17C}.Release|x86.Build.0 = Release|Any CPU
	EndGlobalSection
	GlobalSection(SolutionProperties) = preSolution
		HideSolutionNode = FALSE
	EndGlobalSection
	GlobalSection(ExtensibilityGlobals) = postSolution
		SolutionGuid = {82622C2D-BBAA-49AE-A027-A757201A89D5}
	EndGlobalSection
EndGlobal
